<?xml version="1.0" encoding="utf-8"?>
<Project ToolsVersion="4.0" xmlns="http://schemas.microsoft.com/developer/msbuild/2003">
  <ItemGroup>
    <Filter Include="Source Files">
      <UniqueIdentifier>{4FC737F1-C7A5-4376-A066-2A32D752A2FF}</UniqueIdentifier>
      <Extensions>cpp;c;cc;cxx;c++;cppm;ixx;def;odl;idl;hpj;bat;asm;asmx</Extensions>
    </Filter>
    <Filter Include="Header Files">
      <UniqueIdentifier>{93995380-89BD-4b04-88EB-625FBE52EBFB}</UniqueIdentifier>
      <Extensions>h;hh;hpp;hxx;h++;hm;inl;inc;ipp;xsd</Extensions>
    </Filter>
    <Filter Include="Resource Files">
      <UniqueIdentifier>{67DA6AB6-F800-4c08-8B7A-83BB121AAD01}</UniqueIdentifier>
      <Extensions>rc;ico;cur;bmp;dlg;rc2;rct;bin;rgs;gif;jpg;jpeg;jpe;resx;tiff;tif;png;wav;mfcribbon-ms</Extensions>
    </Filter>
  </ItemGroup>
  <ItemGroup>
    <ClCompile Include="main\main.cpp">
      <Filter>Source Files</Filter>
    </ClCompile>
    <ClCompile Include="main\startup.cpp">
      <Filter>Source Files</Filter>
    </ClCompile>
    <ClCompile Include="sdk\util\log.cpp">
      <Filter>Source Files</Filter>
    </ClCompile>
    <ClCompile Include="main\singleton.h">
      <Filter>Source Files</Filter>
    </ClCompile>
    <ClCompile Include="sdk\util\threading.cpp">
      <Filter>Source Files</Filter>
    </ClCompile>
    <ClCompile Include="sdk\util\mem.cpp">
      <Filter>Source Files</Filter>
    </ClCompile>
    <ClCompile Include="sdk\util\fn_discover.cpp">
      <Filter>Source Files</Filter>
    </ClCompile>
    <ClCompile Include="sdk\util\config.cpp">
      <Filter>Source Files</Filter>
    </ClCompile>
    <ClCompile Include="sdk\util\crc32.cpp">
      <Filter>Source Files</Filter>
    </ClCompile>
    <ClCompile Include="sdk\util\disassembler.cpp">
      <Filter>Source Files</Filter>
    </ClCompile>
    <ClCompile Include="lib\zydis\Zycore\API\Memory.c">
      <Filter>Source Files</Filter>
    </ClCompile>
    <ClCompile Include="lib\zydis\Zycore\API\Synchronization.c">
      <Filter>Source Files</Filter>
    </ClCompile>
    <ClCompile Include="lib\zydis\Zycore\API\Terminal.c">
      <Filter>Source Files</Filter>
    </ClCompile>
    <ClCompile Include="lib\zydis\Zycore\API\Thread.c">
      <Filter>Source Files</Filter>
    </ClCompile>
    <ClCompile Include="lib\zydis\Zycore\Allocator.c">
      <Filter>Source Files</Filter>
    </ClCompile>
    <ClCompile Include="lib\zydis\Zycore\ArgParse.c">
      <Filter>Source Files</Filter>
    </ClCompile>
    <ClCompile Include="lib\zydis\Zycore\Bitset.c">
      <Filter>Source Files</Filter>
    </ClCompile>
    <ClCompile Include="lib\zydis\Zycore\Format.c">
      <Filter>Source Files</Filter>
    </ClCompile>
    <ClCompile Include="lib\zydis\Zycore\List.c">
      <Filter>Source Files</Filter>
    </ClCompile>
    <ClCompile Include="lib\zydis\Zycore\String.c">
      <Filter>Source Files</Filter>
    </ClCompile>
    <ClCompile Include="lib\zydis\Zycore\Vector.c">
      <Filter>Source Files</Filter>
    </ClCompile>
    <ClCompile Include="lib\zydis\Zycore\Zycore.c">
      <Filter>Source Files</Filter>
    </ClCompile>
    <ClCompile Include="lib\zydis\Zydis\Decoder.c">
      <Filter>Source Files</Filter>
    </ClCompile>
    <ClCompile Include="lib\zydis\Zydis\DecoderData.c">
      <Filter>Source Files</Filter>
    </ClCompile>
    <ClCompile Include="lib\zydis\Zydis\Formatter.c">
      <Filter>Source Files</Filter>
    </ClCompile>
    <ClCompile Include="lib\zydis\Zydis\FormatterATT.c">
      <Filter>Source Files</Filter>
    </ClCompile>
    <ClCompile Include="lib\zydis\Zydis\FormatterBase.c">
      <Filter>Source Files</Filter>
    </ClCompile>
    <ClCompile Include="lib\zydis\Zydis\FormatterBuffer.c">
      <Filter>Source Files</Filter>
    </ClCompile>
    <ClCompile Include="lib\zydis\Zydis\FormatterIntel.c">
      <Filter>Source Files</Filter>
    </ClCompile>
    <ClCompile Include="lib\zydis\Zydis\MetaInfo.c">
      <Filter>Source Files</Filter>
    </ClCompile>
    <ClCompile Include="lib\zydis\Zydis\Mnemonic.c">
      <Filter>Source Files</Filter>
    </ClCompile>
    <ClCompile Include="lib\zydis\Zydis\Register.c">
      <Filter>Source Files</Filter>
    </ClCompile>
    <ClCompile Include="lib\zydis\Zydis\SharedData.c">
      <Filter>Source Files</Filter>
    </ClCompile>
    <ClCompile Include="lib\zydis\Zydis\String.c">
      <Filter>Source Files</Filter>
    </ClCompile>
    <ClCompile Include="lib\zydis\Zydis\Utils.c">
      <Filter>Source Files</Filter>
    </ClCompile>
    <ClCompile Include="lib\zydis\Zydis\Zydis.c">
      <Filter>Source Files</Filter>
    </ClCompile>
  </ItemGroup>
  <ItemGroup>
    <ClInclude Include="main\inc.h">
      <Filter>Header Files</Filter>
    </ClInclude>
    <ClInclude Include="main\startup.h">
      <Filter>Header Files</Filter>
    </ClInclude>
    <ClInclude Include="sdk\util\log.h">
      <Filter>Header Files</Filter>
    </ClInclude>
    <ClInclude Include="sdk\util\threading.h">
      <Filter>Header Files</Filter>
    </ClInclude>
    <ClInclude Include="main\win_strct.h">
      <Filter>Header Files</Filter>
    </ClInclude>
    <ClInclude Include="lib\minhook\MinHook.h">
      <Filter>Header Files</Filter>
    </ClInclude>
    <ClInclude Include="sdk\util\mem.h">
      <Filter>Header Files</Filter>
    </ClInclude>
    <ClInclude Include="lib\json\json.h">
      <Filter>Header Files</Filter>
    </ClInclude>
    <ClInclude Include="sdk\util\fn_discover.h">
      <Filter>Header Files</Filter>
    </ClInclude>
    <ClInclude Include="lib\crc32\crc32.h">
      <Filter>Header Files</Filter>
    </ClInclude>
    <ClInclude Include="sdk\util\config.h">
      <Filter>Header Files</Filter>
    </ClInclude>
    <ClInclude Include="sdk\util\crc32.h">
      <Filter>Header Files</Filter>
    </ClInclude>
    <ClInclude Include="sdk\util\disassembler.h">
      <Filter>Header Files</Filter>
    </ClInclude>
    <ClInclude Include="lib\zydis\API\Memory.h">
      <Filter>Header Files</Filter>
    </ClInclude>
    <ClInclude Include="lib\zydis\API\Synchronization.h">
      <Filter>Header Files</Filter>
    </ClInclude>
    <ClInclude Include="lib\zydis\API\Terminal.h">
      <Filter>Header Files</Filter>
    </ClInclude>
    <ClInclude Include="lib\zydis\API\Thread.h">
      <Filter>Header Files</Filter>
    </ClInclude>
    <ClInclude Include="lib\zydis\Zycore\API\Memory.h">
      <Filter>Header Files</Filter>
    </ClInclude>
    <ClInclude Include="lib\zydis\Zycore\API\Synchronization.h">
      <Filter>Header Files</Filter>
    </ClInclude>
    <ClInclude Include="lib\zydis\Zycore\API\Terminal.h">
      <Filter>Header Files</Filter>
    </ClInclude>
    <ClInclude Include="lib\zydis\Zycore\API\Thread.h">
      <Filter>Header Files</Filter>
    </ClInclude>
    <ClInclude Include="lib\zydis\Zycore\Allocator.h">
      <Filter>Header Files</Filter>
    </ClInclude>
    <ClInclude Include="lib\zydis\Zycore\ArgParse.h">
      <Filter>Header Files</Filter>
    </ClInclude>
    <ClInclude Include="lib\zydis\Zycore\Bitset.h">
      <Filter>Header Files</Filter>
    </ClInclude>
    <ClInclude Include="lib\zydis\Zycore\Comparison.h">
      <Filter>Header Files</Filter>
    </ClInclude>
    <ClInclude Include="lib\zydis\Zycore\Defines.h">
      <Filter>Header Files</Filter>
    </ClInclude>
    <ClInclude Include="lib\zydis\Zycore\Format.h">
      <Filter>Header Files</Filter>
    </ClInclude>
    <ClInclude Include="lib\zydis\Zycore\LibC.h">
      <Filter>Header Files</Filter>
    </ClInclude>
    <ClInclude Include="lib\zydis\Zycore\List.h">
      <Filter>Header Files</Filter>
    </ClInclude>
    <ClInclude Include="lib\zydis\Zycore\Object.h">
      <Filter>Header Files</Filter>
    </ClInclude>
    <ClInclude Include="lib\zydis\Zycore\Status.h">
      <Filter>Header Files</Filter>
    </ClInclude>
    <ClInclude Include="lib\zydis\Zycore\String.h">
      <Filter>Header Files</Filter>
    </ClInclude>
    <ClInclude Include="lib\zydis\Zycore\Types.h">
      <Filter>Header Files</Filter>
    </ClInclude>
    <ClInclude Include="lib\zydis\Zycore\Vector.h">
      <Filter>Header Files</Filter>
    </ClInclude>
    <ClInclude Include="lib\zydis\Zycore\Zycore.h">
      <Filter>Header Files</Filter>
    </ClInclude>
    <ClInclude Include="lib\zydis\Zydis\Generated\EnumInstructionCategory.h">
      <Filter>Header Files</Filter>
    </ClInclude>
    <ClInclude Include="lib\zydis\Zydis\Generated\EnumISAExt.h">
      <Filter>Header Files</Filter>
    </ClInclude>
    <ClInclude Include="lib\zydis\Zydis\Generated\EnumISASet.h">
      <Filter>Header Files</Filter>
    </ClInclude>
    <ClInclude Include="lib\zydis\Zydis\Generated\EnumMnemonic.h">
      <Filter>Header Files</Filter>
    </ClInclude>
    <ClInclude Include="lib\zydis\Zydis\Generated\EnumRegister.h">
      <Filter>Header Files</Filter>
    </ClInclude>
    <ClInclude Include="lib\zydis\Zydis\Internal\DecoderData.h">
      <Filter>Header Files</Filter>
    </ClInclude>
    <ClInclude Include="lib\zydis\Zydis\Internal\FormatterATT.h">
      <Filter>Header Files</Filter>
    </ClInclude>
    <ClInclude Include="lib\zydis\Zydis\Internal\FormatterBase.h">
      <Filter>Header Files</Filter>
    </ClInclude>
    <ClInclude Include="lib\zydis\Zydis\Internal\FormatterIntel.h">
      <Filter>Header Files</Filter>
    </ClInclude>
    <ClInclude Include="lib\zydis\Zydis\Internal\SharedData.h">
      <Filter>Header Files</Filter>
    </ClInclude>
    <ClInclude Include="lib\zydis\Zydis\Internal\String.h">
      <Filter>Header Files</Filter>
    </ClInclude>
    <ClInclude Include="lib\zydis\Zydis\Decoder.h">
      <Filter>Header Files</Filter>
    </ClInclude>
    <ClInclude Include="lib\zydis\Zydis\DecoderTypes.h">
      <Filter>Header Files</Filter>
    </ClInclude>
    <ClInclude Include="lib\zydis\Zydis\Formatter.h">
      <Filter>Header Files</Filter>
    </ClInclude>
    <ClInclude Include="lib\zydis\Zydis\FormatterBuffer.h">
      <Filter>Header Files</Filter>
    </ClInclude>
    <ClInclude Include="lib\zydis\Zydis\MetaInfo.h">
      <Filter>Header Files</Filter>
    </ClInclude>
    <ClInclude Include="lib\zydis\Zydis\Mnemonic.h">
      <Filter>Header Files</Filter>
    </ClInclude>
    <ClInclude Include="lib\zydis\Zydis\Register.h">
      <Filter>Header Files</Filter>
    </ClInclude>
    <ClInclude Include="lib\zydis\Zydis\SharedTypes.h">
      <Filter>Header Files</Filter>
    </ClInclude>
    <ClInclude Include="lib\zydis\Zydis\ShortString.h">
      <Filter>Header Files</Filter>
    </ClInclude>
    <ClInclude Include="lib\zydis\Zydis\Status.h">
      <Filter>Header Files</Filter>
    </ClInclude>
    <ClInclude Include="lib\zydis\Zydis\Utils.h">
      <Filter>Header Files</Filter>
    </ClInclude>
    <ClInclude Include="lib\zydis\Zydis\Zydis.h">
      <Filter>Header Files</Filter>
    </ClInclude>
    <ClInclude Include="lib\zydis\ZydisExportConfig.h">
      <Filter>Header Files</Filter>
    </ClInclude>
    <ClInclude Include="lib\zydis\ZycoreExportConfig.h">
      <Filter>Header Files</Filter>
    </ClInclude>
  </ItemGroup>
  <ItemGroup>
    <Library Include="lib\minhook\libMinHook.lib" />
    <Library Include="lib\zydis\Zydis.lib" />
    <Library Include="lib\zydis\Zycore.lib" />
  </ItemGroup>
  <ItemGroup>
    <None Include="lib\zydis\Zydis\Generated\AccessedFlags.inc">
      <Filter>Header Files</Filter>
    </None>
    <None Include="lib\zydis\Zydis\Generated\DecoderTables.inc">
      <Filter>Header Files</Filter>
    </None>
    <None Include="lib\zydis\Zydis\Generated\EncodableInstructions.inc">
      <Filter>Header Files</Filter>
    </None>
    <None Include="lib\zydis\Zydis\Generated\EnumInstructionCategory.inc">
      <Filter>Header Files</Filter>
    </None>
    <None Include="lib\zydis\Zydis\Generated\EnumISAExt.inc">
      <Filter>Header Files</Filter>
    </None>
    <None Include="lib\zydis\Zydis\Generated\EnumISASet.inc">
      <Filter>Header Files</Filter>
    </None>
    <None Include="lib\zydis\Zydis\Generated\EnumMnemonic.inc">
      <Filter>Header Files</Filter>
    </None>
    <None Include="lib\zydis\Zydis\Generated\EnumRegister.inc">
      <Filter>Header Files</Filter>
    </None>
    <None Include="lib\zydis\Zydis\Generated\FormatterStrings.inc">
      <Filter>Header Files</Filter>
    </None>
    <None Include="lib\zydis\Zydis\Generated\InstructionDefinitions.inc">
      <Filter>Header Files</Filter>
    </None>
    <None Include="lib\zydis\Zydis\Generated\InstructionEncodings.inc">
      <Filter>Header Files</Filter>
    </None>
    <None Include="lib\zydis\Zydis\Generated\OperandDefinitions.inc">
      <Filter>Header Files</Filter>
    </None>
  </ItemGroup>
</Project>